
Microsoft Visual Studio Solution File, Format Version 12.00
# Visual Studio Version 16
VisualStudioVersion = 16.0.31424.327
MinimumVisualStudioVersion = 10.0.40219.1
Project("{9A19103F-16F7-4668-BE54-9A1E7A4F7556}") = "RabbitMQ.Client.Wrapper.Test", "RabbitMq.Client.Wrapper.Test\RabbitMQ.Client.Wrapper.Test.csproj", "{83880953-6438-430C-8E62-CB0CC7BF5BE0}"
EndProject
Project("{9A19103F-16F7-4668-BE54-9A1E7A4F7556}") = "RabbitMQ.Client.Wrapper", "RabbitMq.Client.Wrapper\RabbitMQ.Client.Wrapper.csproj", "{AC359A8F-3699-4151-96EB-4CE9E4CA2DAC}"
EndProject
Global
	GlobalSection(SolutionConfigurationPlatforms) = preSolution
		Debug|Any CPU = Debug|Any CPU
		Release|Any CPU = Release|Any CPU
	EndGlobalSection
	GlobalSection(ProjectConfigurationPlatforms) = postSolution
		{83880953-6438-430C-8E62-CB0CC7BF5BE0}.Debug|Any CPU.ActiveCfg = Debug|Any CPU
		{83880953-6438-430C-8E62-CB0CC7BF5BE0}.Debug|Any CPU.Build.0 = Debug|Any CPU
		{83880953-6438-430C-8E62-CB0CC7BF5BE0}.Release|Any CPU.ActiveCfg = Release|Any CPU
		{83880953-6438-430C-8E62-CB0CC7BF5BE0}.Release|Any CPU.Build.0 = Release|Any CPU
		{AC359A8F-3699-4151-96EB-4CE9E4CA2DAC}.Debug|Any CPU.ActiveCfg = Debug|Any CPU
		{AC359A8F-3699-4151-96EB-4CE9E4CA2DAC}.Debug|Any CPU.Build.0 = Debug|Any CPU
		{AC359A8F-3699-4151-96EB-4CE9E4CA2DAC}.Release|Any CPU.ActiveCfg = Release|Any CPU
		{AC359A8F-3699-4151-96EB-4CE9E4CA2DAC}.Release|Any CPU.Build.0 = Release|Any CPU
	EndGlobalSection
	GlobalSection(SolutionProperties) = preSolution
		HideSolutionNode = FALSE
	EndGlobalSection
	GlobalSection(ExtensibilityGlobals) = postSolution
		SolutionGuid = {9DE9AE83-804F-4D07-BE09-71CE30E6F4BA}
	EndGlobalSection
EndGlobal
